// !$*UTF8*$!
{
	archiveVersion = 1;
	classes = {
	};
	objectVersion = 56;
	objects = {

/* Begin PBXBuildFile section */
		2ECF57F82BC48D5700228863 /* AirbnbApp.swift in Sources */ = {isa = PBXBuildFile; fileRef = 2ECF57F72BC48D5700228863 /* AirbnbApp.swift */; };
		2ECF57FA2BC48D5700228863 /* ContentView.swift in Sources */ = {isa = PBXBuildFile; fileRef = 2ECF57F92BC48D5700228863 /* ContentView.swift */; };
		2ECF57FC2BC48D5900228863 /* Assets.xcassets in Resources */ = {isa = PBXBuildFile; fileRef = 2ECF57FB2BC48D5900228863 /* Assets.xcassets */; };
		2ECF57FF2BC48D5900228863 /* Preview Assets.xcassets in Resources */ = {isa = PBXBuildFile; fileRef = 2ECF57FE2BC48D5900228863 /* Preview Assets.xcassets */; };
		2ECF58132BC733A800228863 /* ExploreView.swift in Sources */ = {isa = PBXBuildFile; fileRef = 2ECF58122BC733A800228863 /* ExploreView.swift */; };
		2ECF58152BC754B500228863 /* ListingItemView.swift in Sources */ = {isa = PBXBuildFile; fileRef = 2ECF58142BC754B500228863 /* ListingItemView.swift */; };
		2ECF581A2BC75BE200228863 /* listing-4.jpeg in Resources */ = {isa = PBXBuildFile; fileRef = 2ECF58162BC75BE100228863 /* listing-4.jpeg */; };
		2ECF581B2BC75BE200228863 /* listing-1.jpeg in Resources */ = {isa = PBXBuildFile; fileRef = 2ECF58172BC75BE200228863 /* listing-1.jpeg */; };
		2ECF581C2BC75BE200228863 /* listing-3.jpeg in Resources */ = {isa = PBXBuildFile; fileRef = 2ECF58182BC75BE200228863 /* listing-3.jpeg */; };
		2ECF581D2BC75BE200228863 /* listing-2.jpeg in Resources */ = {isa = PBXBuildFile; fileRef = 2ECF58192BC75BE200228863 /* listing-2.jpeg */; };
		2ECF581F2BC95CE100228863 /* SearchAndFilterBar.swift in Sources */ = {isa = PBXBuildFile; fileRef = 2ECF581E2BC95CE100228863 /* SearchAndFilterBar.swift */; };
/* End PBXBuildFile section */

/* Begin PBXFileReference section */
		2ECF57F42BC48D5700228863 /* Airbnb.app */ = {isa = PBXFileReference; explicitFileType = wrapper.application; includeInIndex = 0; path = Airbnb.app; sourceTree = BUILT_PRODUCTS_DIR; };
		2ECF57F72BC48D5700228863 /* AirbnbApp.swift */ = {isa = PBXFileReference; lastKnownFileType = sourcecode.swift; path = AirbnbApp.swift; sourceTree = "<group>"; };
		2ECF57F92BC48D5700228863 /* ContentView.swift */ = {isa = PBXFileReference; lastKnownFileType = sourcecode.swift; path = ContentView.swift; sourceTree = "<group>"; };
		2ECF57FB2BC48D5900228863 /* Assets.xcassets */ = {isa = PBXFileReference; lastKnownFileType = folder.assetcatalog; path = Assets.xcassets; sourceTree = "<group>"; };
		2ECF57FE2BC48D5900228863 /* Preview Assets.xcassets */ = {isa = PBXFileReference; lastKnownFileType = folder.assetcatalog; path = "Preview Assets.xcassets"; sourceTree = "<group>"; };
		2ECF58122BC733A800228863 /* ExploreView.swift */ = {isa = PBXFileReference; lastKnownFileType = sourcecode.swift; path = ExploreView.swift; sourceTree = "<group>"; };
		2ECF58142BC754B500228863 /* ListingItemView.swift */ = {isa = PBXFileReference; lastKnownFileType = sourcecode.swift; path = ListingItemView.swift; sourceTree = "<group>"; };
		2ECF58162BC75BE100228863 /* listing-4.jpeg */ = {isa = PBXFileReference; lastKnownFileType = image.jpeg; path = "listing-4.jpeg"; sourceTree = "<group>"; };
		2ECF58172BC75BE200228863 /* listing-1.jpeg */ = {isa = PBXFileReference; lastKnownFileType = image.jpeg; path = "listing-1.jpeg"; sourceTree = "<group>"; };
		2ECF58182BC75BE200228863 /* listing-3.jpeg */ = {isa = PBXFileReference; lastKnownFileType = image.jpeg; path = "listing-3.jpeg"; sourceTree = "<group>"; };
		2ECF58192BC75BE200228863 /* listing-2.jpeg */ = {isa = PBXFileReference; lastKnownFileType = image.jpeg; path = "listing-2.jpeg"; sourceTree = "<group>"; };
		2ECF581E2BC95CE100228863 /* SearchAndFilterBar.swift */ = {isa = PBXFileReference; lastKnownFileType = sourcecode.swift; path = SearchAndFilterBar.swift; sourceTree = "<group>"; };
/* End PBXFileReference section */

/* Begin PBXFrameworksBuildPhase section */
		2ECF57F12BC48D5700228863 /* Frameworks */ = {
			isa = PBXFrameworksBuildPhase;
			buildActionMask = 2147483647;
			files = (
			);
			runOnlyForDeploymentPostprocessing = 0;
		};
/* End PBXFrameworksBuildPhase section */

/* Begin PBXGroup section */
		2ECF57EB2BC48D5700228863 = {
			isa = PBXGroup;
			children = (
				2ECF57F62BC48D5700228863 /* Airbnb */,
				2ECF57F52BC48D5700228863 /* Products */,
			);
			sourceTree = "<group>";
		};
		2ECF57F52BC48D5700228863 /* Products */ = {
			isa = PBXGroup;
			children = (
				2ECF57F42BC48D5700228863 /* Airbnb.app */,
			);
			name = Products;
			sourceTree = "<group>";
		};
		2ECF57F62BC48D5700228863 /* Airbnb */ = {
			isa = PBXGroup;
			children = (
				2ECF58092BC731B200228863 /* App */,
				2ECF58082BC731B000228863 /* Core */,
				2ECF58072BC731AD00228863 /* Extensions */,
				2ECF58052BC7319900228863 /* Models */,
				2ECF580A2BC7322A00228863 /* Utils */,
				2ECF57FB2BC48D5900228863 /* Assets.xcassets */,
				2ECF58172BC75BE200228863 /* listing-1.jpeg */,
				2ECF58192BC75BE200228863 /* listing-2.jpeg */,
				2ECF58182BC75BE200228863 /* listing-3.jpeg */,
				2ECF58162BC75BE100228863 /* listing-4.jpeg */,
				2ECF57F92BC48D5700228863 /* ContentView.swift */,
				2ECF57FD2BC48D5900228863 /* Preview Content */,
			);
			path = Airbnb;
			sourceTree = "<group>";
		};
		2ECF57FD2BC48D5900228863 /* Preview Content */ = {
			isa = PBXGroup;
			children = (
				2ECF57FE2BC48D5900228863 /* Preview Assets.xcassets */,
			);
			path = "Preview Content";
			sourceTree = "<group>";
		};
		2ECF58052BC7319900228863 /* Models */ = {
			isa = PBXGroup;
			children = (
			);
			path = Models;
			sourceTree = "<group>";
		};
		2ECF58072BC731AD00228863 /* Extensions */ = {
			isa = PBXGroup;
			children = (
			);
			path = Extensions;
			sourceTree = "<group>";
		};
		2ECF58082BC731B000228863 /* Core */ = {
			isa = PBXGroup;
			children = (
				2ECF580B2BC732B100228863 /* Explore */,
				2ECF58112BC7330700228863 /* Listings */,
				2ECF58102BC732FB00228863 /* MapView */,
				2ECF580F2BC732EE00228863 /* Profile */,
				2ECF580E2BC732E700228863 /* Root */,
				2ECF580D2BC732D500228863 /* TabBar */,
				2ECF580C2BC732C700228863 /* Wishlists */,
			);
			path = Core;
			sourceTree = "<group>";
		};
		2ECF58092BC731B200228863 /* App */ = {
			isa = PBXGroup;
			children = (
				2ECF57F72BC48D5700228863 /* AirbnbApp.swift */,
			);
			path = App;
			sourceTree = "<group>";
		};
		2ECF580A2BC7322A00228863 /* Utils */ = {
			isa = PBXGroup;
			children = (
			);
			path = Utils;
			sourceTree = "<group>";
		};
		2ECF580B2BC732B100228863 /* Explore */ = {
			isa = PBXGroup;
			children = (
				2ECF58122BC733A800228863 /* ExploreView.swift */,
				2ECF581E2BC95CE100228863 /* SearchAndFilterBar.swift */,
			);
			path = Explore;
			sourceTree = "<group>";
		};
		2ECF580C2BC732C700228863 /* Wishlists */ = {
			isa = PBXGroup;
			children = (
			);
			path = Wishlists;
			sourceTree = "<group>";
		};
		2ECF580D2BC732D500228863 /* TabBar */ = {
			isa = PBXGroup;
			children = (
			);
			path = TabBar;
			sourceTree = "<group>";
		};
		2ECF580E2BC732E700228863 /* Root */ = {
			isa = PBXGroup;
			children = (
			);
			path = Root;
			sourceTree = "<group>";
		};
		2ECF580F2BC732EE00228863 /* Profile */ = {
			isa = PBXGroup;
			children = (
			);
			path = Profile;
			sourceTree = "<group>";
		};
		2ECF58102BC732FB00228863 /* MapView */ = {
			isa = PBXGroup;
			children = (
			);
			path = MapView;
			sourceTree = "<group>";
		};
		2ECF58112BC7330700228863 /* Listings */ = {
			isa = PBXGroup;
			children = (
				2ECF58142BC754B500228863 /* ListingItemView.swift */,
			);
			path = Listings;
			sourceTree = "<group>";
		};
/* End PBXGroup section */

/* Begin PBXNativeTarget section */
		2ECF57F32BC48D5700228863 /* Airbnb */ = {
			isa = PBXNativeTarget;
			buildConfigurationList = 2ECF58022BC48D5900228863 /* Build configuration list for PBXNativeTarget "Airbnb" */;
			buildPhases = (
				2ECF57F02BC48D5700228863 /* Sources */,
				2ECF57F12BC48D5700228863 /* Frameworks */,
				2ECF57F22BC48D5700228863 /* Resources */,
			);
			buildRules = (
			);
			dependencies = (
			);
			name = Airbnb;
			productName = Airbnb;
			productReference = 2ECF57F42BC48D5700228863 /* Airbnb.app */;
			productType = "com.apple.product-type.application";
		};
/* End PBXNativeTarget section */

/* Begin PBXProject section */
		2ECF57EC2BC48D5700228863 /* Project object */ = {
			isa = PBXProject;
			attributes = {
				BuildIndependentTargetsInParallel = 1;
				LastSwiftUpdateCheck = 1530;
				LastUpgradeCheck = 1530;
				TargetAttributes = {
					2ECF57F32BC48D5700228863 = {
						CreatedOnToolsVersion = 15.3;
					};
				};
			};
			buildConfigurationList = 2ECF57EF2BC48D5700228863 /* Build configuration list for PBXProject "Airbnb" */;
			compatibilityVersion = "Xcode 14.0";
			developmentRegion = en;
			hasScannedForEncodings = 0;
			knownRegions = (
				en,
				Base,
			);
			mainGroup = 2ECF57EB2BC48D5700228863;
			productRefGroup = 2ECF57F52BC48D5700228863 /* Products */;
			projectDirPath = "";
			projectRoot = "";
			targets = (
				2ECF57F32BC48D5700228863 /* Airbnb */,
			);
		};
/* End PBXProject section */

/* Begin PBXResourcesBuildPhase section */
		2ECF57F22BC48D5700228863 /* Resources */ = {
			isa = PBXResourcesBuildPhase;
			buildActionMask = 2147483647;
			files = (
				2ECF57FF2BC48D5900228863 /* Preview Assets.xcassets in Resources */,
				2ECF57FC2BC48D5900228863 /* Assets.xcassets in Resources */,
				2ECF581D2BC75BE200228863 /* listing-2.jpeg in Resources */,
				2ECF581A2BC75BE200228863 /* listing-4.jpeg in Resources */,
				2ECF581B2BC75BE200228863 /* listing-1.jpeg in Resources */,
				2ECF581C2BC75BE200228863 /* listing-3.jpeg in Resources */,
			);
			runOnlyForDeploymentPostprocessing = 0;
		};
/* End PBXResourcesBuildPhase section */

/* Begin PBXSourcesBuildPhase section */
		2ECF57F02BC48D5700228863 /* Sources */ = {
			isa = PBXSourcesBuildPhase;
			buildActionMask = 2147483647;
			files = (
				2ECF57FA2BC48D5700228863 /* ContentView.swift in Sources */,
				2ECF58152BC754B500228863 /* ListingItemView.swift in Sources */,
				2ECF58132BC733A800228863 /* ExploreView.swift in Sources */,
				2ECF581F2BC95CE100228863 /* SearchAndFilterBar.swift in Sources */,
				2ECF57F82BC48D5700228863 /* AirbnbApp.swift in Sources */,
			);
			runOnlyForDeploymentPostprocessing = 0;
		};
/* End PBXSourcesBuildPhase section */

/* Begin XCBuildConfiguration section */
		2ECF58002BC48D5900228863 /* Debug */ = {
			isa = XCBuildConfiguration;
			buildSettings = {
				ALWAYS_SEARCH_USER_PATHS = NO;
				ASSETCATALOG_COMPILER_GENERATE_SWIFT_ASSET_SYMBOL_EXTENSIONS = YES;
				CLANG_ANALYZER_NONNULL = YES;
				CLANG_ANALYZER_NUMBER_OBJECT_CONVERSION = YES_AGGRESSIVE;
				CLANG_CXX_LANGUAGE_STANDARD = "gnu++20";
				CLANG_ENABLE_MODULES = YES;
				CLANG_ENABLE_OBJC_ARC = YES;
				CLANG_ENABLE_OBJC_WEAK = YES;
				CLANG_WARN_BLOCK_CAPTURE_AUTORELEASING = YES;
				CLANG_WARN_BOOL_CONVERSION = YES;
				CLANG_WARN_COMMA = YES;
				CLANG_WARN_CONSTANT_CONVERSION = YES;
				CLANG_WARN_DEPRECATED_OBJC_IMPLEMENTATIONS = YES;
				CLANG_WARN_DIRECT_OBJC_ISA_USAGE = YES_ERROR;
				CLANG_WARN_DOCUMENTATION_COMMENTS = YES;
				CLANG_WARN_EMPTY_BODY = YES;
				CLANG_WARN_ENUM_CONVERSION = YES;
				CLANG_WARN_INFINITE_RECURSION = YES;
				CLANG_WARN_INT_CONVERSION = YES;
				CLANG_WARN_NON_LITERAL_NULL_CONVERSION = YES;
				CLANG_WARN_OBJC_IMPLICIT_RETAIN_SELF = YES;
				CLANG_WARN_OBJC_LITERAL_CONVERSION = YES;
				CLANG_WARN_OBJC_ROOT_CLASS = YES_ERROR;
				CLANG_WARN_QUOTED_INCLUDE_IN_FRAMEWORK_HEADER = YES;
				CLANG_WARN_RANGE_LOOP_ANALYSIS = YES;
				CLANG_WARN_STRICT_PROTOTYPES = YES;
				CLANG_WARN_SUSPICIOUS_MOVE = YES;
				CLANG_WARN_UNGUARDED_AVAILABILITY = YES_AGGRESSIVE;
				CLANG_WARN_UNREACHABLE_CODE = YES;
				CLANG_WARN__DUPLICATE_METHOD_MATCH = YES;
				COPY_PHASE_STRIP = NO;
				DEBUG_INFORMATION_FORMAT = dwarf;
				ENABLE_STRICT_OBJC_MSGSEND = YES;
				ENABLE_TESTABILITY = YES;
				ENABLE_USER_SCRIPT_SANDBOXING = YES;
				GCC_C_LANGUAGE_STANDARD = gnu17;
				GCC_DYNAMIC_NO_PIC = NO;
				GCC_NO_COMMON_BLOCKS = YES;
				GCC_OPTIMIZATION_LEVEL = 0;
				GCC_PREPROCESSOR_DEFINITIONS = (
					"DEBUG=1",
					"$(inherited)",
				);
				GCC_WARN_64_TO_32_BIT_CONVERSION = YES;
				GCC_WARN_ABOUT_RETURN_TYPE = YES_ERROR;
				GCC_WARN_UNDECLARED_SELECTOR = YES;
				GCC_WARN_UNINITIALIZED_AUTOS = YES_AGGRESSIVE;
				GCC_WARN_UNUSED_FUNCTION = YES;
				GCC_WARN_UNUSED_VARIABLE = YES;
				IPHONEOS_DEPLOYMENT_TARGET = 17.4;
				LOCALIZATION_PREFERS_STRING_CATALOGS = YES;
				MTL_ENABLE_DEBUG_INFO = INCLUDE_SOURCE;
				MTL_FAST_MATH = YES;
				ONLY_ACTIVE_ARCH = YES;
				SDKROOT = iphoneos;
				SWIFT_ACTIVE_COMPILATION_CONDITIONS = "DEBUG $(inherited)";
				SWIFT_OPTIMIZATION_LEVEL = "-Onone";
			};
			name = Debug;
		};
		2ECF58012BC48D5900228863 /* Release */ = {
			isa = XCBuildConfiguration;
			buildSettings = {
				ALWAYS_SEARCH_USER_PATHS = NO;
				ASSETCATALOG_COMPILER_GENERATE_SWIFT_ASSET_SYMBOL_EXTENSIONS = YES;
				CLANG_ANALYZER_NONNULL = YES;
				CLANG_ANALYZER_NUMBER_OBJECT_CONVERSION = YES_AGGRESSIVE;
				CLANG_CXX_LANGUAGE_STANDARD = "gnu++20";
				CLANG_ENABLE_MODULES = YES;
				CLANG_ENABLE_OBJC_ARC = YES;
				CLANG_ENABLE_OBJC_WEAK = YES;
				CLANG_WARN_BLOCK_CAPTURE_AUTORELEASING = YES;
				CLANG_WARN_BOOL_CONVERSION = YES;
				CLANG_WARN_COMMA = YES;
				CLANG_WARN_CONSTANT_CONVERSION = YES;
				CLANG_WARN_DEPRECATED_OBJC_IMPLEMENTATIONS = YES;
				CLANG_WARN_DIRECT_OBJC_ISA_USAGE = YES_ERROR;
				CLANG_WARN_DOCUMENTATION_COMMENTS = YES;
				CLANG_WARN_EMPTY_BODY = YES;
				CLANG_WARN_ENUM_CONVERSION = YES;
				CLANG_WARN_INFINITE_RECURSION = YES;
				CLANG_WARN_INT_CONVERSION = YES;
				CLANG_WARN_NON_LITERAL_NULL_CONVERSION = YES;
				CLANG_WARN_OBJC_IMPLICIT_RETAIN_SELF = YES;
				CLANG_WARN_OBJC_LITERAL_CONVERSION = YES;
				CLANG_WARN_OBJC_ROOT_CLASS = YES_ERROR;
				CLANG_WARN_QUOTED_INCLUDE_IN_FRAMEWORK_HEADER = YES;
				CLANG_WARN_RANGE_LOOP_ANALYSIS = YES;
				CLANG_WARN_STRICT_PROTOTYPES = YES;
				CLANG_WARN_SUSPICIOUS_MOVE = YES;
				CLANG_WARN_UNGUARDED_AVAILABILITY = YES_AGGRESSIVE;
				CLANG_WARN_UNREACHABLE_CODE = YES;
				CLANG_WARN__DUPLICATE_METHOD_MATCH = YES;
				COPY_PHASE_STRIP = NO;
				DEBUG_INFORMATION_FORMAT = "dwarf-with-dsym";
				ENABLE_NS_ASSERTIONS = NO;
				ENABLE_STRICT_OBJC_MSGSEND = YES;
				ENABLE_USER_SCRIPT_SANDBOXING = YES;
				GCC_C_LANGUAGE_STANDARD = gnu17;
				GCC_NO_COMMON_BLOCKS = YES;
				GCC_WARN_64_TO_32_BIT_CONVERSION = YES;
				GCC_WARN_ABOUT_RETURN_TYPE = YES_ERROR;
				GCC_WARN_UNDECLARED_SELECTOR = YES;
				GCC_WARN_UNINITIALIZED_AUTOS = YES_AGGRESSIVE;
				GCC_WARN_UNUSED_FUNCTION = YES;
				GCC_WARN_UNUSED_VARIABLE = YES;
				IPHONEOS_DEPLOYMENT_TARGET = 17.4;
				LOCALIZATION_PREFERS_STRING_CATALOGS = YES;
				MTL_ENABLE_DEBUG_INFO = NO;
				MTL_FAST_MATH = YES;
				SDKROOT = iphoneos;
				SWIFT_COMPILATION_MODE = wholemodule;
				VALIDATE_PRODUCT = YES;
			};
			name = Release;
		};
		2ECF58032BC48D5900228863 /* Debug */ = {
			isa = XCBuildConfiguration;
			buildSettings = {
				ASSETCATALOG_COMPILER_APPICON_NAME = AppIcon;
				ASSETCATALOG_COMPILER_GLOBAL_ACCENT_COLOR_NAME = AccentColor;
				CODE_SIGN_STYLE = Automatic;
				CURRENT_PROJECT_VERSION = 1;
				DEVELOPMENT_ASSET_PATHS = "\"Airbnb/Preview Content\"";
				DEVELOPMENT_TEAM = V668KYT3Q5;
				ENABLE_PREVIEWS = YES;
				GENERATE_INFOPLIST_FILE = YES;
				INFOPLIST_KEY_UIApplicationSceneManifest_Generation = YES;
				INFOPLIST_KEY_UIApplicationSupportsIndirectInputEvents = YES;
				INFOPLIST_KEY_UILaunchScreen_Generation = YES;
				INFOPLIST_KEY_UISupportedInterfaceOrientations_iPad = "UIInterfaceOrientationPortrait UIInterfaceOrientationPortraitUpsideDown UIInterfaceOrientationLandscapeLeft UIInterfaceOrientationLandscapeRight";
				INFOPLIST_KEY_UISupportedInterfaceOrientations_iPhone = "UIInterfaceOrientationPortrait UIInterfaceOrientationLandscapeLeft UIInterfaceOrientationLandscapeRight";
				LD_RUNPATH_SEARCH_PATHS = (
					"$(inherited)",
					"@executable_path/Frameworks",
				);
				MARKETING_VERSION = 1.0;
				PRODUCT_BUNDLE_IDENTIFIER = com.kostas.Airbnb;
				PRODUCT_NAME = "$(TARGET_NAME)";
				SWIFT_EMIT_LOC_STRINGS = YES;
				SWIFT_VERSION = 5.0;
				TARGETED_DEVICE_FAMILY = "1,2";
			};
			name = Debug;
		};
		2ECF58042BC48D5900228863 /* Release */ = {
			isa = XCBuildConfiguration;
			buildSettings = {
				ASSETCATALOG_COMPILER_APPICON_NAME = AppIcon;
				ASSETCATALOG_COMPILER_GLOBAL_ACCENT_COLOR_NAME = AccentColor;
				CODE_SIGN_STYLE = Automatic;
				CURRENT_PROJECT_VERSION = 1;
				DEVELOPMENT_ASSET_PATHS = "\"Airbnb/Preview Content\"";
				DEVELOPMENT_TEAM = V668KYT3Q5;
				ENABLE_PREVIEWS = YES;
				GENERATE_INFOPLIST_FILE = YES;
				INFOPLIST_KEY_UIApplicationSceneManifest_Generation = YES;
				INFOPLIST_KEY_UIApplicationSupportsIndirectInputEvents = YES;
				INFOPLIST_KEY_UILaunchScreen_Generation = YES;
				INFOPLIST_KEY_UISupportedInterfaceOrientations_iPad = "UIInterfaceOrientationPortrait UIInterfaceOrientationPortraitUpsideDown UIInterfaceOrientationLandscapeLeft UIInterfaceOrientationLandscapeRight";
				INFOPLIST_KEY_UISupportedInterfaceOrientations_iPhone = "UIInterfaceOrientationPortrait UIInterfaceOrientationLandscapeLeft UIInterfaceOrientationLandscapeRight";
				LD_RUNPATH_SEARCH_PATHS = (
					"$(inherited)",
					"@executable_path/Frameworks",
				);
				MARKETING_VERSION = 1.0;
				PRODUCT_BUNDLE_IDENTIFIER = com.kostas.Airbnb;
				PRODUCT_NAME = "$(TARGET_NAME)";
				SWIFT_EMIT_LOC_STRINGS = YES;
				SWIFT_VERSION = 5.0;
				TARGETED_DEVICE_FAMILY = "1,2";
			};
			name = Release;
		};
/* End XCBuildConfiguration section */

/* Begin XCConfigurationList section */
		2ECF57EF2BC48D5700228863 /* Build configuration list for PBXProject "Airbnb" */ = {
			isa = XCConfigurationList;
			buildConfigurations = (
				2ECF58002BC48D5900228863 /* Debug */,
				2ECF58012BC48D5900228863 /* Release */,
			);
			defaultConfigurationIsVisible = 0;
			defaultConfigurationName = Release;
		};
		2ECF58022BC48D5900228863 /* Build configuration list for PBXNativeTarget "Airbnb" */ = {
			isa = XCConfigurationList;
			buildConfigurations = (
				2ECF58032BC48D5900228863 /* Debug */,
				2ECF58042BC48D5900228863 /* Release */,
			);
			defaultConfigurationIsVisible = 0;
			defaultConfigurationName = Release;
		};
/* End XCConfigurationList section */
	};
	rootObject = 2ECF57EC2BC48D5700228863 /* Project object */;
}
